// !$*UTF8*$!
{
	archiveVersion = 1;
	classes = {
	};
	objectVersion = 50;
	objects = {

/* Begin PBXBuildFile section */
		0411CE1F242177BF00AE327C /* AppDelegate.swift in Sources */ = {isa = PBXBuildFile; fileRef = 0411CE1E242177BF00AE327C /* AppDelegate.swift */; };
		0411CE21242177BF00AE327C /* SceneDelegate.swift in Sources */ = {isa = PBXBuildFile; fileRef = 0411CE20242177BF00AE327C /* SceneDelegate.swift */; };
		0411CE23242177BF00AE327C /* LoginViewController.swift in Sources */ = {isa = PBXBuildFile; fileRef = 0411CE22242177BF00AE327C /* LoginViewController.swift */; };
		0411CE26242177BF00AE327C /* Main.storyboard in Resources */ = {isa = PBXBuildFile; fileRef = 0411CE24242177BF00AE327C /* Main.storyboard */; };
		0411CE28242177C400AE327C /* Assets.xcassets in Resources */ = {isa = PBXBuildFile; fileRef = 0411CE27242177C400AE327C /* Assets.xcassets */; };
		0411CE2B242177C400AE327C /* LaunchScreen.storyboard in Resources */ = {isa = PBXBuildFile; fileRef = 0411CE29242177C400AE327C /* LaunchScreen.storyboard */; };
		0452574A242C072700DDE2A4 /* HomeViewController.swift in Sources */ = {isa = PBXBuildFile; fileRef = 04525749242C072700DDE2A4 /* HomeViewController.swift */; };
		0452574C242C075000DDE2A4 /* HistoryViewController.swift in Sources */ = {isa = PBXBuildFile; fileRef = 0452574B242C075000DDE2A4 /* HistoryViewController.swift */; };
		0452574E242C078800DDE2A4 /* ProfileViewController.swift in Sources */ = {isa = PBXBuildFile; fileRef = 0452574D242C078800DDE2A4 /* ProfileViewController.swift */; };
		04525754242CA0A600DDE2A4 /* UserDefault.swift in Sources */ = {isa = PBXBuildFile; fileRef = 04525753242CA0A600DDE2A4 /* UserDefault.swift */; };
		04898443242767AF002A4557 /* loadingExtensions.swift in Sources */ = {isa = PBXBuildFile; fileRef = 04898442242767AF002A4557 /* loadingExtensions.swift */; };
		0489844524276E9B002A4557 /* toastExtension.swift in Sources */ = {isa = PBXBuildFile; fileRef = 0489844424276E9B002A4557 /* toastExtension.swift */; };
		04DCB32F2421A8B20023E704 /* TextFieldExtentions.swift in Sources */ = {isa = PBXBuildFile; fileRef = 04DCB32E2421A8B20023E704 /* TextFieldExtentions.swift */; };
		CE88869024783EA400B63652 /* BMHelper.swift in Sources */ = {isa = PBXBuildFile; fileRef = CE88868F24783EA400B63652 /* BMHelper.swift */; };
		CE88869224783EC700B63652 /* Request.swift in Sources */ = {isa = PBXBuildFile; fileRef = CE88869124783EC700B63652 /* Request.swift */; };
		CE888694247867C300B63652 /* BMExtention.swift in Sources */ = {isa = PBXBuildFile; fileRef = CE888693247867C300B63652 /* BMExtention.swift */; };
		CE88869724786BCC00B63652 /* Bases.swift in Sources */ = {isa = PBXBuildFile; fileRef = CE88869624786BCC00B63652 /* Bases.swift */; };
		CE88869924786BE900B63652 /* user.swift in Sources */ = {isa = PBXBuildFile; fileRef = CE88869824786BE900B63652 /* user.swift */; };
/* End PBXBuildFile section */

/* Begin PBXFileReference section */
		0411CE1B242177BF00AE327C /* Payme.app */ = {isa = PBXFileReference; explicitFileType = wrapper.application; includeInIndex = 0; path = Payme.app; sourceTree = BUILT_PRODUCTS_DIR; };
		0411CE1E242177BF00AE327C /* AppDelegate.swift */ = {isa = PBXFileReference; lastKnownFileType = sourcecode.swift; path = AppDelegate.swift; sourceTree = "<group>"; };
		0411CE20242177BF00AE327C /* SceneDelegate.swift */ = {isa = PBXFileReference; lastKnownFileType = sourcecode.swift; path = SceneDelegate.swift; sourceTree = "<group>"; };
		0411CE22242177BF00AE327C /* LoginViewController.swift */ = {isa = PBXFileReference; lastKnownFileType = sourcecode.swift; path = LoginViewController.swift; sourceTree = "<group>"; };
		0411CE25242177BF00AE327C /* Base */ = {isa = PBXFileReference; lastKnownFileType = file.storyboard; name = Base; path = Base.lproj/Main.storyboard; sourceTree = "<group>"; };
		0411CE27242177C400AE327C /* Assets.xcassets */ = {isa = PBXFileReference; lastKnownFileType = folder.assetcatalog; path = Assets.xcassets; sourceTree = "<group>"; };
		0411CE2A242177C400AE327C /* Base */ = {isa = PBXFileReference; lastKnownFileType = file.storyboard; name = Base; path = Base.lproj/LaunchScreen.storyboard; sourceTree = "<group>"; };
		0411CE2C242177C400AE327C /* Info.plist */ = {isa = PBXFileReference; lastKnownFileType = text.plist.xml; path = Info.plist; sourceTree = "<group>"; };
		04525749242C072700DDE2A4 /* HomeViewController.swift */ = {isa = PBXFileReference; lastKnownFileType = sourcecode.swift; path = HomeViewController.swift; sourceTree = "<group>"; };
		0452574B242C075000DDE2A4 /* HistoryViewController.swift */ = {isa = PBXFileReference; lastKnownFileType = sourcecode.swift; path = HistoryViewController.swift; sourceTree = "<group>"; };
		0452574D242C078800DDE2A4 /* ProfileViewController.swift */ = {isa = PBXFileReference; lastKnownFileType = sourcecode.swift; path = ProfileViewController.swift; sourceTree = "<group>"; };
		04525753242CA0A600DDE2A4 /* UserDefault.swift */ = {isa = PBXFileReference; fileEncoding = 4; lastKnownFileType = sourcecode.swift; path = UserDefault.swift; sourceTree = "<group>"; };
		04898442242767AF002A4557 /* loadingExtensions.swift */ = {isa = PBXFileReference; lastKnownFileType = sourcecode.swift; path = loadingExtensions.swift; sourceTree = "<group>"; };
		0489844424276E9B002A4557 /* toastExtension.swift */ = {isa = PBXFileReference; lastKnownFileType = sourcecode.swift; path = toastExtension.swift; sourceTree = "<group>"; };
		04DCB32E2421A8B20023E704 /* TextFieldExtentions.swift */ = {isa = PBXFileReference; fileEncoding = 4; lastKnownFileType = sourcecode.swift; path = TextFieldExtentions.swift; sourceTree = "<group>"; };
		CE88868F24783EA400B63652 /* BMHelper.swift */ = {isa = PBXFileReference; lastKnownFileType = sourcecode.swift; path = BMHelper.swift; sourceTree = "<group>"; };
		CE88869124783EC700B63652 /* Request.swift */ = {isa = PBXFileReference; lastKnownFileType = sourcecode.swift; path = Request.swift; sourceTree = "<group>"; };
		CE888693247867C300B63652 /* BMExtention.swift */ = {isa = PBXFileReference; lastKnownFileType = sourcecode.swift; path = BMExtention.swift; sourceTree = "<group>"; };
		CE88869624786BCC00B63652 /* Bases.swift */ = {isa = PBXFileReference; lastKnownFileType = sourcecode.swift; path = Bases.swift; sourceTree = "<group>"; };
		CE88869824786BE900B63652 /* user.swift */ = {isa = PBXFileReference; lastKnownFileType = sourcecode.swift; path = user.swift; sourceTree = "<group>"; };
/* End PBXFileReference section */

/* Begin PBXFrameworksBuildPhase section */
		0411CE18242177BF00AE327C /* Frameworks */ = {
			isa = PBXFrameworksBuildPhase;
			buildActionMask = 2147483647;
			files = (
			);
			runOnlyForDeploymentPostprocessing = 0;
		};
/* End PBXFrameworksBuildPhase section */

/* Begin PBXGroup section */
		0411CE12242177BF00AE327C = {
			isa = PBXGroup;
			children = (
				0411CE1D242177BF00AE327C /* Payme */,
				0411CE1C242177BF00AE327C /* Products */,
			);
			sourceTree = "<group>";
		};
		0411CE1C242177BF00AE327C /* Products */ = {
			isa = PBXGroup;
			children = (
				0411CE1B242177BF00AE327C /* Payme.app */,
			);
			name = Products;
			sourceTree = "<group>";
		};
		0411CE1D242177BF00AE327C /* Payme */ = {
			isa = PBXGroup;
			children = (
				CE88869524786B5700B63652 /* model */,
				CE88868E24783E0800B63652 /* network */,
				04DCB32D2421A88A0023E704 /* extensions */,
				04BA127E2421A3C60077A5C8 /* HomeSource */,
				0411CE432421945100AE327C /* UIController */,
				0411CE24242177BF00AE327C /* Main.storyboard */,
				0411CE29242177C400AE327C /* LaunchScreen.storyboard */,
				0411CE2C242177C400AE327C /* Info.plist */,
			);
			path = Payme;
			sourceTree = "<group>";
		};
		0411CE432421945100AE327C /* UIController */ = {
			isa = PBXGroup;
			children = (
				0452574D242C078800DDE2A4 /* ProfileViewController.swift */,
				0411CE22242177BF00AE327C /* LoginViewController.swift */,
				04525749242C072700DDE2A4 /* HomeViewController.swift */,
				0452574B242C075000DDE2A4 /* HistoryViewController.swift */,
			);
			path = UIController;
			sourceTree = "<group>";
		};
		04BA127E2421A3C60077A5C8 /* HomeSource */ = {
			isa = PBXGroup;
			children = (
				0411CE27242177C400AE327C /* Assets.xcassets */,
				0411CE1E242177BF00AE327C /* AppDelegate.swift */,
				0411CE20242177BF00AE327C /* SceneDelegate.swift */,
			);
			path = HomeSource;
			sourceTree = "<group>";
		};
		04DCB32D2421A88A0023E704 /* extensions */ = {
			isa = PBXGroup;
			children = (
				04525753242CA0A600DDE2A4 /* UserDefault.swift */,
				04DCB32E2421A8B20023E704 /* TextFieldExtentions.swift */,
				04898442242767AF002A4557 /* loadingExtensions.swift */,
				0489844424276E9B002A4557 /* toastExtension.swift */,
			);
			path = extensions;
			sourceTree = "<group>";
		};
		CE88868E24783E0800B63652 /* network */ = {
			isa = PBXGroup;
			children = (
				CE88868F24783EA400B63652 /* BMHelper.swift */,
				CE88869124783EC700B63652 /* Request.swift */,
				CE888693247867C300B63652 /* BMExtention.swift */,
			);
			path = network;
			sourceTree = "<group>";
		};
		CE88869524786B5700B63652 /* model */ = {
			isa = PBXGroup;
			children = (
				CE88869624786BCC00B63652 /* Bases.swift */,
				CE88869824786BE900B63652 /* user.swift */,
			);
			path = model;
			sourceTree = "<group>";
		};
/* End PBXGroup section */

/* Begin PBXNativeTarget section */
		0411CE1A242177BF00AE327C /* Payme */ = {
			isa = PBXNativeTarget;
			buildConfigurationList = 0411CE2F242177C400AE327C /* Build configuration list for PBXNativeTarget "Payme" */;
			buildPhases = (
				0411CE17242177BF00AE327C /* Sources */,
				0411CE18242177BF00AE327C /* Frameworks */,
				0411CE19242177BF00AE327C /* Resources */,
			);
			buildRules = (
			);
			dependencies = (
			);
			name = Payme;
			productName = Payme;
			productReference = 0411CE1B242177BF00AE327C /* Payme.app */;
			productType = "com.apple.product-type.application";
		};
/* End PBXNativeTarget section */

/* Begin PBXProject section */
		0411CE13242177BF00AE327C /* Project object */ = {
			isa = PBXProject;
			attributes = {
				LastSwiftUpdateCheck = 1130;
				LastUpgradeCheck = 1130;
				ORGANIZATIONNAME = "Muraino Yakubu";
				TargetAttributes = {
					0411CE1A242177BF00AE327C = {
						CreatedOnToolsVersion = 11.3.1;
					};
				};
			};
			buildConfigurationList = 0411CE16242177BF00AE327C /* Build configuration list for PBXProject "Payme" */;
			compatibilityVersion = "Xcode 9.3";
			developmentRegion = en;
			hasScannedForEncodings = 0;
			knownRegions = (
				en,
				Base,
			);
			mainGroup = 0411CE12242177BF00AE327C;
			productRefGroup = 0411CE1C242177BF00AE327C /* Products */;
			projectDirPath = "";
			projectRoot = "";
			targets = (
				0411CE1A242177BF00AE327C /* Payme */,
			);
		};
/* End PBXProject section */

/* Begin PBXResourcesBuildPhase section */
		0411CE19242177BF00AE327C /* Resources */ = {
			isa = PBXResourcesBuildPhase;
			buildActionMask = 2147483647;
			files = (
				0411CE2B242177C400AE327C /* LaunchScreen.storyboard in Resources */,
				0411CE28242177C400AE327C /* Assets.xcassets in Resources */,
				0411CE26242177BF00AE327C /* Main.storyboard in Resources */,
			);
			runOnlyForDeploymentPostprocessing = 0;
		};
/* End PBXResourcesBuildPhase section */

/* Begin PBXSourcesBuildPhase section */
		0411CE17242177BF00AE327C /* Sources */ = {
			isa = PBXSourcesBuildPhase;
			buildActionMask = 2147483647;
			files = (
				CE88869724786BCC00B63652 /* Bases.swift in Sources */,
				04525754242CA0A600DDE2A4 /* UserDefault.swift in Sources */,
				CE88869224783EC700B63652 /* Request.swift in Sources */,
				0411CE23242177BF00AE327C /* LoginViewController.swift in Sources */,
				CE888694247867C300B63652 /* BMExtention.swift in Sources */,
				CE88869924786BE900B63652 /* user.swift in Sources */,
				0411CE1F242177BF00AE327C /* AppDelegate.swift in Sources */,
				0452574E242C078800DDE2A4 /* ProfileViewController.swift in Sources */,
				0452574C242C075000DDE2A4 /* HistoryViewController.swift in Sources */,
				04898443242767AF002A4557 /* loadingExtensions.swift in Sources */,
				04DCB32F2421A8B20023E704 /* TextFieldExtentions.swift in Sources */,
				CE88869024783EA400B63652 /* BMHelper.swift in Sources */,
				0411CE21242177BF00AE327C /* SceneDelegate.swift in Sources */,
				0489844524276E9B002A4557 /* toastExtension.swift in Sources */,
				0452574A242C072700DDE2A4 /* HomeViewController.swift in Sources */,
			);
			runOnlyForDeploymentPostprocessing = 0;
		};
/* End PBXSourcesBuildPhase section */

/* Begin PBXVariantGroup section */
		0411CE24242177BF00AE327C /* Main.storyboard */ = {
			isa = PBXVariantGroup;
			children = (
				0411CE25242177BF00AE327C /* Base */,
			);
			name = Main.storyboard;
			sourceTree = "<group>";
		};
		0411CE29242177C400AE327C /* LaunchScreen.storyboard */ = {
			isa = PBXVariantGroup;
			children = (
				0411CE2A242177C400AE327C /* Base */,
			);
			name = LaunchScreen.storyboard;
			sourceTree = "<group>";
		};
/* End PBXVariantGroup section */

/* Begin XCBuildConfiguration section */
		0411CE2D242177C400AE327C /* Debug */ = {
			isa = XCBuildConfiguration;
			buildSettings = {
				ALWAYS_SEARCH_USER_PATHS = NO;
				CLANG_ANALYZER_NONNULL = YES;
				CLANG_ANALYZER_NUMBER_OBJECT_CONVERSION = YES_AGGRESSIVE;
				CLANG_CXX_LANGUAGE_STANDARD = "gnu++14";
				CLANG_CXX_LIBRARY = "libc++";
				CLANG_ENABLE_MODULES = YES;
				CLANG_ENABLE_OBJC_ARC = YES;
				CLANG_ENABLE_OBJC_WEAK = YES;
				CLANG_WARN_BLOCK_CAPTURE_AUTORELEASING = YES;
				CLANG_WARN_BOOL_CONVERSION = YES;
				CLANG_WARN_COMMA = YES;
				CLANG_WARN_CONSTANT_CONVERSION = YES;
				CLANG_WARN_DEPRECATED_OBJC_IMPLEMENTATIONS = YES;
				CLANG_WARN_DIRECT_OBJC_ISA_USAGE = YES_ERROR;
				CLANG_WARN_DOCUMENTATION_COMMENTS = YES;
				CLANG_WARN_EMPTY_BODY = YES;
				CLANG_WARN_ENUM_CONVERSION = YES;
				CLANG_WARN_INFINITE_RECURSION = YES;
				CLANG_WARN_INT_CONVERSION = YES;
				CLANG_WARN_NON_LITERAL_NULL_CONVERSION = YES;
				CLANG_WARN_OBJC_IMPLICIT_RETAIN_SELF = YES;
				CLANG_WARN_OBJC_LITERAL_CONVERSION = YES;
				CLANG_WARN_OBJC_ROOT_CLASS = YES_ERROR;
				CLANG_WARN_RANGE_LOOP_ANALYSIS = YES;
				CLANG_WARN_STRICT_PROTOTYPES = YES;
				CLANG_WARN_SUSPICIOUS_MOVE = YES;
				CLANG_WARN_UNGUARDED_AVAILABILITY = YES_AGGRESSIVE;
				CLANG_WARN_UNREACHABLE_CODE = YES;
				CLANG_WARN__DUPLICATE_METHOD_MATCH = YES;
				COPY_PHASE_STRIP = NO;
				DEBUG_INFORMATION_FORMAT = dwarf;
				ENABLE_STRICT_OBJC_MSGSEND = YES;
				ENABLE_TESTABILITY = YES;
				GCC_C_LANGUAGE_STANDARD = gnu11;
				GCC_DYNAMIC_NO_PIC = NO;
				GCC_NO_COMMON_BLOCKS = YES;
				GCC_OPTIMIZATION_LEVEL = 0;
				GCC_PREPROCESSOR_DEFINITIONS = (
					"DEBUG=1",
					"$(inherited)",
				);
				GCC_WARN_64_TO_32_BIT_CONVERSION = YES;
				GCC_WARN_ABOUT_RETURN_TYPE = YES_ERROR;
				GCC_WARN_UNDECLARED_SELECTOR = YES;
				GCC_WARN_UNINITIALIZED_AUTOS = YES_AGGRESSIVE;
				GCC_WARN_UNUSED_FUNCTION = YES;
				GCC_WARN_UNUSED_VARIABLE = YES;
				IPHONEOS_DEPLOYMENT_TARGET = 13.2;
				MTL_ENABLE_DEBUG_INFO = INCLUDE_SOURCE;
				MTL_FAST_MATH = YES;
				ONLY_ACTIVE_ARCH = YES;
				SDKROOT = iphoneos;
				SWIFT_ACTIVE_COMPILATION_CONDITIONS = DEBUG;
				SWIFT_OPTIMIZATION_LEVEL = "-Onone";
			};
			name = Debug;
		};
		0411CE2E242177C400AE327C /* Release */ = {
			isa = XCBuildConfiguration;
			buildSettings = {
				ALWAYS_SEARCH_USER_PATHS = NO;
				CLANG_ANALYZER_NONNULL = YES;
				CLANG_ANALYZER_NUMBER_OBJECT_CONVERSION = YES_AGGRESSIVE;
				CLANG_CXX_LANGUAGE_STANDARD = "gnu++14";
				CLANG_CXX_LIBRARY = "libc++";
				CLANG_ENABLE_MODULES = YES;
				CLANG_ENABLE_OBJC_ARC = YES;
				CLANG_ENABLE_OBJC_WEAK = YES;
				CLANG_WARN_BLOCK_CAPTURE_AUTORELEASING = YES;
				CLANG_WARN_BOOL_CONVERSION = YES;
				CLANG_WARN_COMMA = YES;
				CLANG_WARN_CONSTANT_CONVERSION = YES;
				CLANG_WARN_DEPRECATED_OBJC_IMPLEMENTATIONS = YES;
				CLANG_WARN_DIRECT_OBJC_ISA_USAGE = YES_ERROR;
				CLANG_WARN_DOCUMENTATION_COMMENTS = YES;
				CLANG_WARN_EMPTY_BODY = YES;
				CLANG_WARN_ENUM_CONVERSION = YES;
				CLANG_WARN_INFINITE_RECURSION = YES;
				CLANG_WARN_INT_CONVERSION = YES;
				CLANG_WARN_NON_LITERAL_NULL_CONVERSION = YES;
				CLANG_WARN_OBJC_IMPLICIT_RETAIN_SELF = YES;
				CLANG_WARN_OBJC_LITERAL_CONVERSION = YES;
				CLANG_WARN_OBJC_ROOT_CLASS = YES_ERROR;
				CLANG_WARN_RANGE_LOOP_ANALYSIS = YES;
				CLANG_WARN_STRICT_PROTOTYPES = YES;
				CLANG_WARN_SUSPICIOUS_MOVE = YES;
				CLANG_WARN_UNGUARDED_AVAILABILITY = YES_AGGRESSIVE;
				CLANG_WARN_UNREACHABLE_CODE = YES;
				CLANG_WARN__DUPLICATE_METHOD_MATCH = YES;
				COPY_PHASE_STRIP = NO;
				DEBUG_INFORMATION_FORMAT = "dwarf-with-dsym";
				ENABLE_NS_ASSERTIONS = NO;
				ENABLE_STRICT_OBJC_MSGSEND = YES;
				GCC_C_LANGUAGE_STANDARD = gnu11;
				GCC_NO_COMMON_BLOCKS = YES;
				GCC_WARN_64_TO_32_BIT_CONVERSION = YES;
				GCC_WARN_ABOUT_RETURN_TYPE = YES_ERROR;
				GCC_WARN_UNDECLARED_SELECTOR = YES;
				GCC_WARN_UNINITIALIZED_AUTOS = YES_AGGRESSIVE;
				GCC_WARN_UNUSED_FUNCTION = YES;
				GCC_WARN_UNUSED_VARIABLE = YES;
				IPHONEOS_DEPLOYMENT_TARGET = 13.2;
				MTL_ENABLE_DEBUG_INFO = NO;
				MTL_FAST_MATH = YES;
				SDKROOT = iphoneos;
				SWIFT_COMPILATION_MODE = wholemodule;
				SWIFT_OPTIMIZATION_LEVEL = "-O";
				VALIDATE_PRODUCT = YES;
			};
			name = Release;
		};
		0411CE30242177C400AE327C /* Debug */ = {
			isa = XCBuildConfiguration;
			buildSettings = {
				ASSETCATALOG_COMPILER_APPICON_NAME = AppIcon;
				CODE_SIGN_STYLE = Automatic;
				DEVELOPMENT_TEAM = C36BWUMHD2;
				INFOPLIST_FILE = Payme/Info.plist;
				LD_RUNPATH_SEARCH_PATHS = (
					"$(inherited)",
					"@executable_path/Frameworks",
				);
				PRODUCT_BUNDLE_IDENTIFIER = com.connectrail.payme;
				PRODUCT_NAME = "$(TARGET_NAME)";
				SWIFT_VERSION = 5.0;
				TARGETED_DEVICE_FAMILY = "1,2";
			};
			name = Debug;
		};
		0411CE31242177C400AE327C /* Release */ = {
			isa = XCBuildConfiguration;
			buildSettings = {
				ASSETCATALOG_COMPILER_APPICON_NAME = AppIcon;
				CODE_SIGN_STYLE = Automatic;
				DEVELOPMENT_TEAM = C36BWUMHD2;
				INFOPLIST_FILE = Payme/Info.plist;
				LD_RUNPATH_SEARCH_PATHS = (
					"$(inherited)",
					"@executable_path/Frameworks",
				);
				PRODUCT_BUNDLE_IDENTIFIER = com.connectrail.payme;
				PRODUCT_NAME = "$(TARGET_NAME)";
				SWIFT_VERSION = 5.0;
				TARGETED_DEVICE_FAMILY = "1,2";
			};
			name = Release;
		};
/* End XCBuildConfiguration section */

/* Begin XCConfigurationList section */
		0411CE16242177BF00AE327C /* Build configuration list for PBXProject "Payme" */ = {
			isa = XCConfigurationList;
			buildConfigurations = (
				0411CE2D242177C400AE327C /* Debug */,
				0411CE2E242177C400AE327C /* Release */,
			);
			defaultConfigurationIsVisible = 0;
			defaultConfigurationName = Release;
		};
		0411CE2F242177C400AE327C /* Build configuration list for PBXNativeTarget "Payme" */ = {
			isa = XCConfigurationList;
			buildConfigurations = (
				0411CE30242177C400AE327C /* Debug */,
				0411CE31242177C400AE327C /* Release */,
			);
			defaultConfigurationIsVisible = 0;
			defaultConfigurationName = Release;
		};
/* End XCConfigurationList section */
	};
	rootObject = 0411CE13242177BF00AE327C /* Project object */;
}
